
Microsoft Visual Studio Solution File, Format Version 12.00
# Visual Studio 14
VisualStudioVersion = 14.0.25420.1
MinimumVisualStudioVersion = 10.0.40219.1
Project("{8BC9CEB8-8B4A-11D0-8D11-00A0C91BC942}") = "IndradriveWrapper", "IndradriveWrapper.vcxproj", "{83A7F7A4-941B-4807-B970-6A18AC7AC9DC}"
EndProject
Project("{8BC9CEB8-8B4A-11D0-8D11-00A0C91BC942}") = "Tests-rs232", "tests\rs232\utests_rs232.vcxproj", "{1339F7AD-A1F8-49BD-A86B-FA88E87F6478}"
EndProject
Project("{8BC9CEB8-8B4A-11D0-8D11-00A0C91BC942}") = "Tests-sis", "tests\sis\utests_sis.vcxproj", "{299801BE-80B7-4756-943A-4F86D77586BB}"
	ProjectSection(ProjectDependencies) = postProject
		{83A7F7A4-941B-4807-B970-6A18AC7AC9DC} = {83A7F7A4-941B-4807-B970-6A18AC7AC9DC}
	EndProjectSection
EndProject
Global
	GlobalSection(SolutionConfigurationPlatforms) = preSolution
		Debug|Any CPU = Debug|Any CPU
		Debug|x64 = Debug|x64
		Debug|x86 = Debug|x86
		Release|Any CPU = Release|Any CPU
		Release|x64 = Release|x64
		Release|x86 = Release|x86
	EndGlobalSection
	GlobalSection(ProjectConfigurationPlatforms) = postSolution
		{83A7F7A4-941B-4807-B970-6A18AC7AC9DC}.Debug|Any CPU.ActiveCfg = Debug|Win32
		{83A7F7A4-941B-4807-B970-6A18AC7AC9DC}.Debug|x64.ActiveCfg = Debug|x64
		{83A7F7A4-941B-4807-B970-6A18AC7AC9DC}.Debug|x64.Build.0 = Debug|x64
		{83A7F7A4-941B-4807-B970-6A18AC7AC9DC}.Debug|x86.ActiveCfg = Debug|Win32
		{83A7F7A4-941B-4807-B970-6A18AC7AC9DC}.Debug|x86.Build.0 = Debug|Win32
		{83A7F7A4-941B-4807-B970-6A18AC7AC9DC}.Release|Any CPU.ActiveCfg = Release|Win32
		{83A7F7A4-941B-4807-B970-6A18AC7AC9DC}.Release|x64.ActiveCfg = Release|x64
		{83A7F7A4-941B-4807-B970-6A18AC7AC9DC}.Release|x64.Build.0 = Release|x64
		{83A7F7A4-941B-4807-B970-6A18AC7AC9DC}.Release|x86.ActiveCfg = Release|Win32
		{83A7F7A4-941B-4807-B970-6A18AC7AC9DC}.Release|x86.Build.0 = Release|Win32
		{1339F7AD-A1F8-49BD-A86B-FA88E87F6478}.Debug|Any CPU.ActiveCfg = Debug|Win32
		{1339F7AD-A1F8-49BD-A86B-FA88E87F6478}.Debug|x64.ActiveCfg = Debug|x64
		{1339F7AD-A1F8-49BD-A86B-FA88E87F6478}.Debug|x64.Build.0 = Debug|x64
		{1339F7AD-A1F8-49BD-A86B-FA88E87F6478}.Debug|x86.ActiveCfg = Debug|Win32
		{1339F7AD-A1F8-49BD-A86B-FA88E87F6478}.Debug|x86.Build.0 = Debug|Win32
		{1339F7AD-A1F8-49BD-A86B-FA88E87F6478}.Release|Any CPU.ActiveCfg = Release|Win32
		{1339F7AD-A1F8-49BD-A86B-FA88E87F6478}.Release|x64.ActiveCfg = Release|x64
		{1339F7AD-A1F8-49BD-A86B-FA88E87F6478}.Release|x64.Build.0 = Release|x64
		{1339F7AD-A1F8-49BD-A86B-FA88E87F6478}.Release|x86.ActiveCfg = Release|Win32
		{1339F7AD-A1F8-49BD-A86B-FA88E87F6478}.Release|x86.Build.0 = Release|Win32
		{299801BE-80B7-4756-943A-4F86D77586BB}.Debug|Any CPU.ActiveCfg = Debug|Win32
		{299801BE-80B7-4756-943A-4F86D77586BB}.Debug|x64.ActiveCfg = Debug|x64
		{299801BE-80B7-4756-943A-4F86D77586BB}.Debug|x64.Build.0 = Debug|x64
		{299801BE-80B7-4756-943A-4F86D77586BB}.Debug|x86.ActiveCfg = Debug|Win32
		{299801BE-80B7-4756-943A-4F86D77586BB}.Debug|x86.Build.0 = Debug|Win32
		{299801BE-80B7-4756-943A-4F86D77586BB}.Release|Any CPU.ActiveCfg = Release|Win32
		{299801BE-80B7-4756-943A-4F86D77586BB}.Release|x64.ActiveCfg = Release|x64
		{299801BE-80B7-4756-943A-4F86D77586BB}.Release|x64.Build.0 = Release|x64
		{299801BE-80B7-4756-943A-4F86D77586BB}.Release|x86.ActiveCfg = Release|Win32
		{299801BE-80B7-4756-943A-4F86D77586BB}.Release|x86.Build.0 = Release|Win32
		{EA236263-2A2B-4D75-90AE-A3414B078434}.Debug|Any CPU.ActiveCfg = Debug|Win32
		{EA236263-2A2B-4D75-90AE-A3414B078434}.Debug|x64.ActiveCfg = Debug|x64
		{EA236263-2A2B-4D75-90AE-A3414B078434}.Debug|x64.Build.0 = Debug|x64
		{EA236263-2A2B-4D75-90AE-A3414B078434}.Debug|x86.ActiveCfg = Debug|Win32
		{EA236263-2A2B-4D75-90AE-A3414B078434}.Release|Any CPU.ActiveCfg = Release|Win32
		{EA236263-2A2B-4D75-90AE-A3414B078434}.Release|x64.ActiveCfg = Release|x64
		{EA236263-2A2B-4D75-90AE-A3414B078434}.Release|x64.Build.0 = Release|x64
		{EA236263-2A2B-4D75-90AE-A3414B078434}.Release|x86.ActiveCfg = Release|Win32
		{EA236263-2A2B-4D75-90AE-A3414B078434}.Release|x86.Build.0 = Release|Win32
	EndGlobalSection
	GlobalSection(SolutionProperties) = preSolution
		HideSolutionNode = FALSE
	EndGlobalSection
EndGlobal
